
Microsoft Visual Studio Solution File, Format Version 12.00
Project("{FAE04EC0-301F-11D3-BF4B-00C04F79EFBC}") = "MCTG_1", "MCTG_1\MCTG_1.csproj", "{2827D5C0-5E54-4DBC-AB99-4B4C79AD3468}"
EndProject
Global
	GlobalSection(SolutionConfigurationPlatforms) = preSolution
		Debug|Any CPU = Debug|Any CPU
		Release|Any CPU = Release|Any CPU
	EndGlobalSection
	GlobalSection(ProjectConfigurationPlatforms) = postSolution
		{2827D5C0-5E54-4DBC-AB99-4B4C79AD3468}.Debug|Any CPU.ActiveCfg = Debug|Any CPU
		{2827D5C0-5E54-4DBC-AB99-4B4C79AD3468}.Debug|Any CPU.Build.0 = Debug|Any CPU
		{2827D5C0-5E54-4DBC-AB99-4B4C79AD3468}.Release|Any CPU.ActiveCfg = Release|Any CPU
		{2827D5C0-5E54-4DBC-AB99-4B4C79AD3468}.Release|Any CPU.Build.0 = Release|Any CPU
	EndGlobalSection
EndGlobal
